
Microsoft Visual Studio Solution File, Format Version 12.00
Project("{FAE04EC0-301F-11D3-BF4B-00C04F79EFBC}") = "LMSApi", "LMSApi\LMSApi.csproj", "{C7CD8CF5-7DB8-4C79-AEBB-8C580A346025}"
EndProject
Project("{2150E333-8FDC-42A3-9474-1A3956D46DE8}") = "Modules", "Modules", "{8DE30F4E-85DA-49B4-A615-23136B753085}"
EndProject
Project("{2150E333-8FDC-42A3-9474-1A3956D46DE8}") = "Courses", "Courses", "{56464496-627A-4C12-9D84-49EAAFE9229B}"
EndProject
Project("{FAE04EC0-301F-11D3-BF4B-00C04F79EFBC}") = "Courses.Domain", "Courses.Domain\Courses.Domain.csproj", "{7ED97413-C6E0-48AF-900B-6AC2CD69F250}"
EndProject
Project("{2150E333-8FDC-42A3-9474-1A3956D46DE8}") = "Core", "Core", "{4D0AE2B5-CE06-46A4-8FC5-E8345ED769C3}"
EndProject
Project("{FAE04EC0-301F-11D3-BF4B-00C04F79EFBC}") = "Core.Domain", "Core.Domain\Core.Domain.csproj", "{C0FD133A-32CA-4A9D-9899-2F6849C0B58C}"
EndProject
Global
	GlobalSection(SolutionConfigurationPlatforms) = preSolution
		Debug|Any CPU = Debug|Any CPU
		Release|Any CPU = Release|Any CPU
	EndGlobalSection
	GlobalSection(ProjectConfigurationPlatforms) = postSolution
		{C7CD8CF5-7DB8-4C79-AEBB-8C580A346025}.Debug|Any CPU.ActiveCfg = Debug|Any CPU
		{C7CD8CF5-7DB8-4C79-AEBB-8C580A346025}.Debug|Any CPU.Build.0 = Debug|Any CPU
		{C7CD8CF5-7DB8-4C79-AEBB-8C580A346025}.Release|Any CPU.ActiveCfg = Release|Any CPU
		{C7CD8CF5-7DB8-4C79-AEBB-8C580A346025}.Release|Any CPU.Build.0 = Release|Any CPU
		{7ED97413-C6E0-48AF-900B-6AC2CD69F250}.Debug|Any CPU.ActiveCfg = Debug|Any CPU
		{7ED97413-C6E0-48AF-900B-6AC2CD69F250}.Debug|Any CPU.Build.0 = Debug|Any CPU
		{7ED97413-C6E0-48AF-900B-6AC2CD69F250}.Release|Any CPU.ActiveCfg = Release|Any CPU
		{7ED97413-C6E0-48AF-900B-6AC2CD69F250}.Release|Any CPU.Build.0 = Release|Any CPU
		{C0FD133A-32CA-4A9D-9899-2F6849C0B58C}.Debug|Any CPU.ActiveCfg = Debug|Any CPU
		{C0FD133A-32CA-4A9D-9899-2F6849C0B58C}.Debug|Any CPU.Build.0 = Debug|Any CPU
		{C0FD133A-32CA-4A9D-9899-2F6849C0B58C}.Release|Any CPU.ActiveCfg = Release|Any CPU
		{C0FD133A-32CA-4A9D-9899-2F6849C0B58C}.Release|Any CPU.Build.0 = Release|Any CPU
	EndGlobalSection
	GlobalSection(NestedProjects) = preSolution
		{56464496-627A-4C12-9D84-49EAAFE9229B} = {8DE30F4E-85DA-49B4-A615-23136B753085}
		{7ED97413-C6E0-48AF-900B-6AC2CD69F250} = {56464496-627A-4C12-9D84-49EAAFE9229B}
		{4D0AE2B5-CE06-46A4-8FC5-E8345ED769C3} = {8DE30F4E-85DA-49B4-A615-23136B753085}
		{C0FD133A-32CA-4A9D-9899-2F6849C0B58C} = {4D0AE2B5-CE06-46A4-8FC5-E8345ED769C3}
	EndGlobalSection
EndGlobal
