
Microsoft Visual Studio Solution File, Format Version 12.00
Project("{FAE04EC0-301F-11D3-BF4B-00C04F79EFBC}") = "LMSApi", "LMSApi\LMSApi.csproj", "{C7CD8CF5-7DB8-4C79-AEBB-8C580A346025}"
EndProject
Project("{2150E333-8FDC-42A3-9474-1A3956D46DE8}") = "Modules", "Modules", "{8DE30F4E-85DA-49B4-A615-23136B753085}"
EndProject
Project("{2150E333-8FDC-42A3-9474-1A3956D46DE8}") = "Courses", "Courses", "{56464496-627A-4C12-9D84-49EAAFE9229B}"
EndProject
Project("{FAE04EC0-301F-11D3-BF4B-00C04F79EFBC}") = "Lms.Courses.Domain", "Lms.Courses.Domain\Lms.Courses.Domain.csproj", "{7ED97413-C6E0-48AF-900B-6AC2CD69F250}"
EndProject
Project("{2150E333-8FDC-42A3-9474-1A3956D46DE8}") = "Core", "Core", "{4D0AE2B5-CE06-46A4-8FC5-E8345ED769C3}"
EndProject
Project("{FAE04EC0-301F-11D3-BF4B-00C04F79EFBC}") = "Lms.Core.Domain", "Lms.Core.Domain\Lms.Core.Domain.csproj", "{C0FD133A-32CA-4A9D-9899-2F6849C0B58C}"
EndProject
Project("{FAE04EC0-301F-11D3-BF4B-00C04F79EFBC}") = "Lms.Courses.Infrastructure", "Lms.Courses.Infrastructure\Lms.Courses.Infrastructure.csproj", "{4AA2BF82-29B8-4BB2-A288-894178C85B8E}"
EndProject
Project("{FAE04EC0-301F-11D3-BF4B-00C04F79EFBC}") = "Lms.Courses.Application", "Lms.Courses.Application\Lms.Courses.Application.csproj", "{E12D883B-18B7-4A55-BF90-2F2CBC368F89}"
EndProject
Project("{FAE04EC0-301F-11D3-BF4B-00C04F79EFBC}") = "Lms.Core.Application", "Lms.Core.Application\Lms.Core.Application.csproj", "{F7C260DD-B8B5-46E3-B0DF-CA238270D272}"
EndProject
Project("{FAE04EC0-301F-11D3-BF4B-00C04F79EFBC}") = "Lms.CoursesApi", "Lms.CoursesApi\Lms.CoursesApi.csproj", "{3410BA98-A8C2-42C6-B3C8-6B56EA8B0B5E}"
EndProject
Project("{FAE04EC0-301F-11D3-BF4B-00C04F79EFBC}") = "Lms.Core.Infrastructure", "Lms.Core.Infrastructure\Lms.Core.Infrastructure.csproj", "{40FD755A-29CF-4ACD-BC0B-819790BB0DFC}"
EndProject
Project("{FAE04EC0-301F-11D3-BF4B-00C04F79EFBC}") = "Lms.Core.Api", "Lms.Core.Api\Lms.Core.Api.csproj", "{5FE71CF0-B44B-46DF-9D3B-F74B199C52CC}"
EndProject
Project("{2150E333-8FDC-42A3-9474-1A3956D46DE8}") = "Users", "Users", "{63A08EEF-5BB3-43A5-840D-632F7D662EB7}"
EndProject
Project("{FAE04EC0-301F-11D3-BF4B-00C04F79EFBC}") = "Lms.Users.Domain", "Lms.Users.Domain\Lms.Users.Domain.csproj", "{97125A0F-FFBF-4369-A152-8C091F70B3AA}"
EndProject
Project("{FAE04EC0-301F-11D3-BF4B-00C04F79EFBC}") = "Lms.Users.Application", "Lms.Users.Application\Lms.Users.Application.csproj", "{CCCABB73-CD01-40EF-901B-242682722D0A}"
EndProject
Project("{FAE04EC0-301F-11D3-BF4B-00C04F79EFBC}") = "Lms.Users.Infrastructure", "Lms.Users.Infrastructure\Lms.Users.Infrastructure.csproj", "{D755C815-8260-4D3B-8551-2B49BFB170A7}"
EndProject
Project("{FAE04EC0-301F-11D3-BF4B-00C04F79EFBC}") = "Lms.User.Api", "Lms.User.Api\Lms.User.Api.csproj", "{712ABD92-F23D-406C-8F2A-7A416A735FB9}"
EndProject
Global
	GlobalSection(SolutionConfigurationPlatforms) = preSolution
		Debug|Any CPU = Debug|Any CPU
		Release|Any CPU = Release|Any CPU
	EndGlobalSection
	GlobalSection(ProjectConfigurationPlatforms) = postSolution
		{C7CD8CF5-7DB8-4C79-AEBB-8C580A346025}.Debug|Any CPU.ActiveCfg = Debug|Any CPU
		{C7CD8CF5-7DB8-4C79-AEBB-8C580A346025}.Debug|Any CPU.Build.0 = Debug|Any CPU
		{C7CD8CF5-7DB8-4C79-AEBB-8C580A346025}.Release|Any CPU.ActiveCfg = Release|Any CPU
		{C7CD8CF5-7DB8-4C79-AEBB-8C580A346025}.Release|Any CPU.Build.0 = Release|Any CPU
		{7ED97413-C6E0-48AF-900B-6AC2CD69F250}.Debug|Any CPU.ActiveCfg = Debug|Any CPU
		{7ED97413-C6E0-48AF-900B-6AC2CD69F250}.Debug|Any CPU.Build.0 = Debug|Any CPU
		{7ED97413-C6E0-48AF-900B-6AC2CD69F250}.Release|Any CPU.ActiveCfg = Release|Any CPU
		{7ED97413-C6E0-48AF-900B-6AC2CD69F250}.Release|Any CPU.Build.0 = Release|Any CPU
		{C0FD133A-32CA-4A9D-9899-2F6849C0B58C}.Debug|Any CPU.ActiveCfg = Debug|Any CPU
		{C0FD133A-32CA-4A9D-9899-2F6849C0B58C}.Debug|Any CPU.Build.0 = Debug|Any CPU
		{C0FD133A-32CA-4A9D-9899-2F6849C0B58C}.Release|Any CPU.ActiveCfg = Release|Any CPU
		{C0FD133A-32CA-4A9D-9899-2F6849C0B58C}.Release|Any CPU.Build.0 = Release|Any CPU
		{4AA2BF82-29B8-4BB2-A288-894178C85B8E}.Debug|Any CPU.ActiveCfg = Debug|Any CPU
		{4AA2BF82-29B8-4BB2-A288-894178C85B8E}.Debug|Any CPU.Build.0 = Debug|Any CPU
		{4AA2BF82-29B8-4BB2-A288-894178C85B8E}.Release|Any CPU.ActiveCfg = Release|Any CPU
		{4AA2BF82-29B8-4BB2-A288-894178C85B8E}.Release|Any CPU.Build.0 = Release|Any CPU
		{E12D883B-18B7-4A55-BF90-2F2CBC368F89}.Debug|Any CPU.ActiveCfg = Debug|Any CPU
		{E12D883B-18B7-4A55-BF90-2F2CBC368F89}.Debug|Any CPU.Build.0 = Debug|Any CPU
		{E12D883B-18B7-4A55-BF90-2F2CBC368F89}.Release|Any CPU.ActiveCfg = Release|Any CPU
		{E12D883B-18B7-4A55-BF90-2F2CBC368F89}.Release|Any CPU.Build.0 = Release|Any CPU
		{F7C260DD-B8B5-46E3-B0DF-CA238270D272}.Debug|Any CPU.ActiveCfg = Debug|Any CPU
		{F7C260DD-B8B5-46E3-B0DF-CA238270D272}.Debug|Any CPU.Build.0 = Debug|Any CPU
		{F7C260DD-B8B5-46E3-B0DF-CA238270D272}.Release|Any CPU.ActiveCfg = Release|Any CPU
		{F7C260DD-B8B5-46E3-B0DF-CA238270D272}.Release|Any CPU.Build.0 = Release|Any CPU
		{3410BA98-A8C2-42C6-B3C8-6B56EA8B0B5E}.Debug|Any CPU.ActiveCfg = Debug|Any CPU
		{3410BA98-A8C2-42C6-B3C8-6B56EA8B0B5E}.Debug|Any CPU.Build.0 = Debug|Any CPU
		{3410BA98-A8C2-42C6-B3C8-6B56EA8B0B5E}.Release|Any CPU.ActiveCfg = Release|Any CPU
		{3410BA98-A8C2-42C6-B3C8-6B56EA8B0B5E}.Release|Any CPU.Build.0 = Release|Any CPU
		{40FD755A-29CF-4ACD-BC0B-819790BB0DFC}.Debug|Any CPU.ActiveCfg = Debug|Any CPU
		{40FD755A-29CF-4ACD-BC0B-819790BB0DFC}.Debug|Any CPU.Build.0 = Debug|Any CPU
		{40FD755A-29CF-4ACD-BC0B-819790BB0DFC}.Release|Any CPU.ActiveCfg = Release|Any CPU
		{40FD755A-29CF-4ACD-BC0B-819790BB0DFC}.Release|Any CPU.Build.0 = Release|Any CPU
		{5FE71CF0-B44B-46DF-9D3B-F74B199C52CC}.Debug|Any CPU.ActiveCfg = Debug|Any CPU
		{5FE71CF0-B44B-46DF-9D3B-F74B199C52CC}.Debug|Any CPU.Build.0 = Debug|Any CPU
		{5FE71CF0-B44B-46DF-9D3B-F74B199C52CC}.Release|Any CPU.ActiveCfg = Release|Any CPU
		{5FE71CF0-B44B-46DF-9D3B-F74B199C52CC}.Release|Any CPU.Build.0 = Release|Any CPU
		{97125A0F-FFBF-4369-A152-8C091F70B3AA}.Debug|Any CPU.ActiveCfg = Debug|Any CPU
		{97125A0F-FFBF-4369-A152-8C091F70B3AA}.Debug|Any CPU.Build.0 = Debug|Any CPU
		{97125A0F-FFBF-4369-A152-8C091F70B3AA}.Release|Any CPU.ActiveCfg = Release|Any CPU
		{97125A0F-FFBF-4369-A152-8C091F70B3AA}.Release|Any CPU.Build.0 = Release|Any CPU
		{CCCABB73-CD01-40EF-901B-242682722D0A}.Debug|Any CPU.ActiveCfg = Debug|Any CPU
		{CCCABB73-CD01-40EF-901B-242682722D0A}.Debug|Any CPU.Build.0 = Debug|Any CPU
		{CCCABB73-CD01-40EF-901B-242682722D0A}.Release|Any CPU.ActiveCfg = Release|Any CPU
		{CCCABB73-CD01-40EF-901B-242682722D0A}.Release|Any CPU.Build.0 = Release|Any CPU
		{D755C815-8260-4D3B-8551-2B49BFB170A7}.Debug|Any CPU.ActiveCfg = Debug|Any CPU
		{D755C815-8260-4D3B-8551-2B49BFB170A7}.Debug|Any CPU.Build.0 = Debug|Any CPU
		{D755C815-8260-4D3B-8551-2B49BFB170A7}.Release|Any CPU.ActiveCfg = Release|Any CPU
		{D755C815-8260-4D3B-8551-2B49BFB170A7}.Release|Any CPU.Build.0 = Release|Any CPU
		{712ABD92-F23D-406C-8F2A-7A416A735FB9}.Debug|Any CPU.ActiveCfg = Debug|Any CPU
		{712ABD92-F23D-406C-8F2A-7A416A735FB9}.Debug|Any CPU.Build.0 = Debug|Any CPU
		{712ABD92-F23D-406C-8F2A-7A416A735FB9}.Release|Any CPU.ActiveCfg = Release|Any CPU
		{712ABD92-F23D-406C-8F2A-7A416A735FB9}.Release|Any CPU.Build.0 = Release|Any CPU
	EndGlobalSection
	GlobalSection(NestedProjects) = preSolution
		{56464496-627A-4C12-9D84-49EAAFE9229B} = {8DE30F4E-85DA-49B4-A615-23136B753085}
		{7ED97413-C6E0-48AF-900B-6AC2CD69F250} = {56464496-627A-4C12-9D84-49EAAFE9229B}
		{4D0AE2B5-CE06-46A4-8FC5-E8345ED769C3} = {8DE30F4E-85DA-49B4-A615-23136B753085}
		{C0FD133A-32CA-4A9D-9899-2F6849C0B58C} = {4D0AE2B5-CE06-46A4-8FC5-E8345ED769C3}
		{4AA2BF82-29B8-4BB2-A288-894178C85B8E} = {56464496-627A-4C12-9D84-49EAAFE9229B}
		{E12D883B-18B7-4A55-BF90-2F2CBC368F89} = {56464496-627A-4C12-9D84-49EAAFE9229B}
		{F7C260DD-B8B5-46E3-B0DF-CA238270D272} = {4D0AE2B5-CE06-46A4-8FC5-E8345ED769C3}
		{3410BA98-A8C2-42C6-B3C8-6B56EA8B0B5E} = {56464496-627A-4C12-9D84-49EAAFE9229B}
		{40FD755A-29CF-4ACD-BC0B-819790BB0DFC} = {4D0AE2B5-CE06-46A4-8FC5-E8345ED769C3}
		{5FE71CF0-B44B-46DF-9D3B-F74B199C52CC} = {4D0AE2B5-CE06-46A4-8FC5-E8345ED769C3}
		{63A08EEF-5BB3-43A5-840D-632F7D662EB7} = {8DE30F4E-85DA-49B4-A615-23136B753085}
		{97125A0F-FFBF-4369-A152-8C091F70B3AA} = {63A08EEF-5BB3-43A5-840D-632F7D662EB7}
		{CCCABB73-CD01-40EF-901B-242682722D0A} = {63A08EEF-5BB3-43A5-840D-632F7D662EB7}
		{D755C815-8260-4D3B-8551-2B49BFB170A7} = {63A08EEF-5BB3-43A5-840D-632F7D662EB7}
		{712ABD92-F23D-406C-8F2A-7A416A735FB9} = {63A08EEF-5BB3-43A5-840D-632F7D662EB7}
	EndGlobalSection
EndGlobal
